
Microsoft Visual Studio Solution File, Format Version 12.00
# Visual Studio Version 16
VisualStudioVersion = 16.0.31112.23
MinimumVisualStudioVersion = 10.0.40219.1
Project("{FAE04EC0-301F-11D3-BF4B-00C04F79EFBC}") = "Speech_RecognitionDemo", "Speech_RecognitionDemo\Speech_RecognitionDemo.csproj", "{7BA941F2-4D46-4D67-AF5F-B8789605C43E}"
EndProject
Global
	GlobalSection(SolutionConfigurationPlatforms) = preSolution
		Debug|Any CPU = Debug|Any CPU
		Release|Any CPU = Release|Any CPU
	EndGlobalSection
	GlobalSection(ProjectConfigurationPlatforms) = postSolution
		{7BA941F2-4D46-4D67-AF5F-B8789605C43E}.Debug|Any CPU.ActiveCfg = Debug|Any CPU
		{7BA941F2-4D46-4D67-AF5F-B8789605C43E}.Debug|Any CPU.Build.0 = Debug|Any CPU
		{7BA941F2-4D46-4D67-AF5F-B8789605C43E}.Release|Any CPU.ActiveCfg = Release|Any CPU
		{7BA941F2-4D46-4D67-AF5F-B8789605C43E}.Release|Any CPU.Build.0 = Release|Any CPU
	EndGlobalSection
	GlobalSection(SolutionProperties) = preSolution
		HideSolutionNode = FALSE
	EndGlobalSection
	GlobalSection(ExtensibilityGlobals) = postSolution
		SolutionGuid = {81EB5EA9-E71B-4507-84C1-8AFD73103E44}
	EndGlobalSection
EndGlobal
